
Microsoft Visual Studio Solution File, Format Version 12.00
# Visual Studio 15
VisualStudioVersion = 15.0.28307.1231
MinimumVisualStudioVersion = 10.0.40219.1
Project("{FAE04EC0-301F-11D3-BF4B-00C04F79EFBC}") = "PickupAnnouncerLegacy", "PickupAnnouncerLegacy\PickupAnnouncerLegacy.csproj", "{6DC81A2F-C28C-42B5-854D-EDB27C4B16AB}"
EndProject
Project("{00D1A9C2-B5F0-4AF3-8072-F6C62B433612}") = "PickupAnnouncerDB", "PickupAnnouncerDB\PickupAnnouncerDB.sqlproj", "{AAA07A11-761A-4124-B802-1D3E379FEF40}"
EndProject
Global
	GlobalSection(SolutionConfigurationPlatforms) = preSolution
		Debug|Any CPU = Debug|Any CPU
		Release|Any CPU = Release|Any CPU
	EndGlobalSection
	GlobalSection(ProjectConfigurationPlatforms) = postSolution
		{6DC81A2F-C28C-42B5-854D-EDB27C4B16AB}.Debug|Any CPU.ActiveCfg = Debug|Any CPU
		{6DC81A2F-C28C-42B5-854D-EDB27C4B16AB}.Debug|Any CPU.Build.0 = Debug|Any CPU
		{6DC81A2F-C28C-42B5-854D-EDB27C4B16AB}.Release|Any CPU.ActiveCfg = Release|Any CPU
		{6DC81A2F-C28C-42B5-854D-EDB27C4B16AB}.Release|Any CPU.Build.0 = Release|Any CPU
		{AAA07A11-761A-4124-B802-1D3E379FEF40}.Debug|Any CPU.ActiveCfg = Debug|Any CPU
		{AAA07A11-761A-4124-B802-1D3E379FEF40}.Debug|Any CPU.Build.0 = Debug|Any CPU
		{AAA07A11-761A-4124-B802-1D3E379FEF40}.Debug|Any CPU.Deploy.0 = Debug|Any CPU
		{AAA07A11-761A-4124-B802-1D3E379FEF40}.Release|Any CPU.ActiveCfg = Release|Any CPU
		{AAA07A11-761A-4124-B802-1D3E379FEF40}.Release|Any CPU.Build.0 = Release|Any CPU
		{AAA07A11-761A-4124-B802-1D3E379FEF40}.Release|Any CPU.Deploy.0 = Release|Any CPU
	EndGlobalSection
	GlobalSection(SolutionProperties) = preSolution
		HideSolutionNode = FALSE
	EndGlobalSection
	GlobalSection(ExtensibilityGlobals) = postSolution
		SolutionGuid = {CDF15B7F-72BB-4281-9975-84D770CCC5D7}
	EndGlobalSection
EndGlobal
